
Microsoft Visual Studio Solution File, Format Version 12.00
# Visual Studio 15
VisualStudioVersion = 15.0.28307.271
MinimumVisualStudioVersion = 10.0.40219.1
Project("{FAE04EC0-301F-11D3-BF4B-00C04F79EFBC}") = "SiberianGates", "SiberianGates\SiberianGates.csproj", "{E4822138-DB4C-406E-9748-917FCEE4230D}"
EndProject
Global
	GlobalSection(SolutionConfigurationPlatforms) = preSolution
		Debug|Any CPU = Debug|Any CPU
		Release|Any CPU = Release|Any CPU
	EndGlobalSection
	GlobalSection(ProjectConfigurationPlatforms) = postSolution
		{E4822138-DB4C-406E-9748-917FCEE4230D}.Debug|Any CPU.ActiveCfg = Debug|Any CPU
		{E4822138-DB4C-406E-9748-917FCEE4230D}.Debug|Any CPU.Build.0 = Debug|Any CPU
		{E4822138-DB4C-406E-9748-917FCEE4230D}.Release|Any CPU.ActiveCfg = Release|Any CPU
		{E4822138-DB4C-406E-9748-917FCEE4230D}.Release|Any CPU.Build.0 = Release|Any CPU
	EndGlobalSection
	GlobalSection(SolutionProperties) = preSolution
		HideSolutionNode = FALSE
	EndGlobalSection
	GlobalSection(ExtensibilityGlobals) = postSolution
		SolutionGuid = {63C0E424-06B8-4FD9-B2DC-5392EED27B94}
	EndGlobalSection
EndGlobal
